
Microsoft Visual Studio Solution File, Format Version 12.00
# Visual Studio 14
VisualStudioVersion = 14.0.25123.0
MinimumVisualStudioVersion = 10.0.40219.1
Project("{FAE04EC0-301F-11D3-BF4B-00C04F79EFBC}") = "COMP2007-S2016-Lesson8BDemo", "COMP2007-S2016-Lesson8BDemo\COMP2007-S2016-Lesson8BDemo.csproj", "{44DEC803-472C-4C97-A8FA-95C36167BA61}"
EndProject
Project("{FAE04EC0-301F-11D3-BF4B-00C04F79EFBC}") = "COMP2007-S2016-Lesson8BDemo.Tests", "COMP2007-S2016-Lesson8BDemo.Tests\COMP2007-S2016-Lesson8BDemo.Tests.csproj", "{CA7E2524-0A2E-49C6-ABE8-181249CAF077}"
EndProject
Global
	GlobalSection(SolutionConfigurationPlatforms) = preSolution
		Debug|Any CPU = Debug|Any CPU
		Release|Any CPU = Release|Any CPU
	EndGlobalSection
	GlobalSection(ProjectConfigurationPlatforms) = postSolution
		{44DEC803-472C-4C97-A8FA-95C36167BA61}.Debug|Any CPU.ActiveCfg = Debug|Any CPU
		{44DEC803-472C-4C97-A8FA-95C36167BA61}.Debug|Any CPU.Build.0 = Debug|Any CPU
		{44DEC803-472C-4C97-A8FA-95C36167BA61}.Release|Any CPU.ActiveCfg = Release|Any CPU
		{44DEC803-472C-4C97-A8FA-95C36167BA61}.Release|Any CPU.Build.0 = Release|Any CPU
		{CA7E2524-0A2E-49C6-ABE8-181249CAF077}.Debug|Any CPU.ActiveCfg = Debug|Any CPU
		{CA7E2524-0A2E-49C6-ABE8-181249CAF077}.Debug|Any CPU.Build.0 = Debug|Any CPU
		{CA7E2524-0A2E-49C6-ABE8-181249CAF077}.Release|Any CPU.ActiveCfg = Release|Any CPU
		{CA7E2524-0A2E-49C6-ABE8-181249CAF077}.Release|Any CPU.Build.0 = Release|Any CPU
	EndGlobalSection
	GlobalSection(SolutionProperties) = preSolution
		HideSolutionNode = FALSE
	EndGlobalSection
EndGlobal
